
Microsoft Visual Studio Solution File, Format Version 12.00
# Visual Studio Version 17
VisualStudioVersion = 17.4.33006.217
MinimumVisualStudioVersion = 10.0.40219.1
Project("{2150E333-8FDC-42A3-9474-1A3956D46DE8}") = "tests", "tests", "{F6B7612F-CE7E-4270-8CD3-213B174E20DB}"
EndProject
Project("{2150E333-8FDC-42A3-9474-1A3956D46DE8}") = "examples", "examples", "{3C5DE1C9-2542-49D4-9BF4-60173D3220B8}"
EndProject
Project("{9A19103F-16F7-4668-BE54-9A1E7A4F7556}") = "TFeatureManagement", "src\TFeatureManagement\TFeatureManagement.csproj", "{74DF4C48-7BB1-4052-AD9F-E588378CA064}"
EndProject
Project("{9A19103F-16F7-4668-BE54-9A1E7A4F7556}") = "TFeatureManagement.AspNetCore", "src\TFeatureManagement.AspNetCore\TFeatureManagement.AspNetCore.csproj", "{713B589C-6DA6-4749-99F3-A01063696529}"
EndProject
Project("{2150E333-8FDC-42A3-9474-1A3956D46DE8}") = "build", "build", "{9B54B8F3-384A-43F6-9DAF-6967BB33B41D}"
	ProjectSection(SolutionItems) = preProject
		build\AssemblyInfo.props = build\AssemblyInfo.props
		build\PackageInfo.props = build\PackageInfo.props
		build\SignAssembly.props = build\SignAssembly.props
		build\TFeatureManagement.snk = build\TFeatureManagement.snk
	EndProjectSection
EndProject
Project("{2150E333-8FDC-42A3-9474-1A3956D46DE8}") = "Solution Items", "Solution Items", "{64E958C1-3BA9-4A3A-A7A6-E532B27B89A1}"
	ProjectSection(SolutionItems) = preProject
		.editorconfig = .editorconfig
		Directory.Build.props = Directory.Build.props
		GitVersion.yml = GitVersion.yml
		README.md = README.md
	EndProjectSection
EndProject
Project("{9A19103F-16F7-4668-BE54-9A1E7A4F7556}") = "TFeatureManagement.AspNetCore.Example", "examples\TFeatureManagement.AspNetCore.Example\TFeatureManagement.AspNetCore.Example.csproj", "{9E7C2461-1707-4230-9F3A-8E654868B72C}"
EndProject
Project("{9A19103F-16F7-4668-BE54-9A1E7A4F7556}") = "TFeatureManagement.AspNetCore.Example.LegacyRouting", "examples\TFeatureManagement.AspNetCore.Example.LegacyRouting\TFeatureManagement.AspNetCore.Example.LegacyRouting.csproj", "{809A9FAB-B7E3-4E8A-90A5-4E54FD5530B1}"
EndProject
Project("{9A19103F-16F7-4668-BE54-9A1E7A4F7556}") = "TFeatureManagement.AspNetCore.Tests", "tests\TFeatureManagement.AspNetCore.Tests\TFeatureManagement.AspNetCore.Tests.csproj", "{F39DC121-CCDB-46C9-8940-C0FFF4CB8D2D}"
EndProject
Project("{9A19103F-16F7-4668-BE54-9A1E7A4F7556}") = "TFeatureManagement.Tests", "tests\TFeatureManagement.Tests\TFeatureManagement.Tests.csproj", "{CC01C509-584C-4ED1-A9E3-61321C443C43}"
EndProject
Project("{9A19103F-16F7-4668-BE54-9A1E7A4F7556}") = "TFeatureManagement.AspNetCore.Example.PreGenericAttributes", "examples\TFeatureManagement.AspNetCore.Example.PreGenericAttributes\TFeatureManagement.AspNetCore.Example.PreGenericAttributes.csproj", "{F428A892-544D-43AA-B371-8510A096AE39}"
EndProject
Project("{9A19103F-16F7-4668-BE54-9A1E7A4F7556}") = "TFeatureManagement.Abstractions", "src\TFeatureManagement.Abstractions\TFeatureManagement.Abstractions.csproj", "{376264F0-BA9D-4269-9E35-E83B9B367DD6}"
EndProject
Project("{FAE04EC0-301F-11D3-BF4B-00C04F79EFBC}") = "TFeatureManagement.AspNetCore.Abstractions", "src\TFeatureManagement.AspNetCore.Abstractions\TFeatureManagement.AspNetCore.Abstractions.csproj", "{642FD898-50B0-45EF-A251-340C7613BAD0}"
EndProject
Global
	GlobalSection(SolutionConfigurationPlatforms) = preSolution
		Debug|Any CPU = Debug|Any CPU
		Release|Any CPU = Release|Any CPU
	EndGlobalSection
	GlobalSection(ProjectConfigurationPlatforms) = postSolution
		{74DF4C48-7BB1-4052-AD9F-E588378CA064}.Debug|Any CPU.ActiveCfg = Debug|Any CPU
		{74DF4C48-7BB1-4052-AD9F-E588378CA064}.Debug|Any CPU.Build.0 = Debug|Any CPU
		{74DF4C48-7BB1-4052-AD9F-E588378CA064}.Release|Any CPU.ActiveCfg = Release|Any CPU
		{74DF4C48-7BB1-4052-AD9F-E588378CA064}.Release|Any CPU.Build.0 = Release|Any CPU
		{713B589C-6DA6-4749-99F3-A01063696529}.Debug|Any CPU.ActiveCfg = Debug|Any CPU
		{713B589C-6DA6-4749-99F3-A01063696529}.Debug|Any CPU.Build.0 = Debug|Any CPU
		{713B589C-6DA6-4749-99F3-A01063696529}.Release|Any CPU.ActiveCfg = Release|Any CPU
		{713B589C-6DA6-4749-99F3-A01063696529}.Release|Any CPU.Build.0 = Release|Any CPU
		{9E7C2461-1707-4230-9F3A-8E654868B72C}.Debug|Any CPU.ActiveCfg = Debug|Any CPU
		{9E7C2461-1707-4230-9F3A-8E654868B72C}.Debug|Any CPU.Build.0 = Debug|Any CPU
		{9E7C2461-1707-4230-9F3A-8E654868B72C}.Release|Any CPU.ActiveCfg = Release|Any CPU
		{9E7C2461-1707-4230-9F3A-8E654868B72C}.Release|Any CPU.Build.0 = Release|Any CPU
		{809A9FAB-B7E3-4E8A-90A5-4E54FD5530B1}.Debug|Any CPU.ActiveCfg = Debug|Any CPU
		{809A9FAB-B7E3-4E8A-90A5-4E54FD5530B1}.Debug|Any CPU.Build.0 = Debug|Any CPU
		{809A9FAB-B7E3-4E8A-90A5-4E54FD5530B1}.Release|Any CPU.ActiveCfg = Release|Any CPU
		{809A9FAB-B7E3-4E8A-90A5-4E54FD5530B1}.Release|Any CPU.Build.0 = Release|Any CPU
		{F39DC121-CCDB-46C9-8940-C0FFF4CB8D2D}.Debug|Any CPU.ActiveCfg = Debug|Any CPU
		{F39DC121-CCDB-46C9-8940-C0FFF4CB8D2D}.Debug|Any CPU.Build.0 = Debug|Any CPU
		{F39DC121-CCDB-46C9-8940-C0FFF4CB8D2D}.Release|Any CPU.ActiveCfg = Release|Any CPU
		{F39DC121-CCDB-46C9-8940-C0FFF4CB8D2D}.Release|Any CPU.Build.0 = Release|Any CPU
		{CC01C509-584C-4ED1-A9E3-61321C443C43}.Debug|Any CPU.ActiveCfg = Debug|Any CPU
		{CC01C509-584C-4ED1-A9E3-61321C443C43}.Debug|Any CPU.Build.0 = Debug|Any CPU
		{CC01C509-584C-4ED1-A9E3-61321C443C43}.Release|Any CPU.ActiveCfg = Release|Any CPU
		{CC01C509-584C-4ED1-A9E3-61321C443C43}.Release|Any CPU.Build.0 = Release|Any CPU
		{F428A892-544D-43AA-B371-8510A096AE39}.Debug|Any CPU.ActiveCfg = Debug|Any CPU
		{F428A892-544D-43AA-B371-8510A096AE39}.Debug|Any CPU.Build.0 = Debug|Any CPU
		{F428A892-544D-43AA-B371-8510A096AE39}.Release|Any CPU.ActiveCfg = Release|Any CPU
		{F428A892-544D-43AA-B371-8510A096AE39}.Release|Any CPU.Build.0 = Release|Any CPU
		{376264F0-BA9D-4269-9E35-E83B9B367DD6}.Debug|Any CPU.ActiveCfg = Debug|Any CPU
		{376264F0-BA9D-4269-9E35-E83B9B367DD6}.Debug|Any CPU.Build.0 = Debug|Any CPU
		{376264F0-BA9D-4269-9E35-E83B9B367DD6}.Release|Any CPU.ActiveCfg = Release|Any CPU
		{376264F0-BA9D-4269-9E35-E83B9B367DD6}.Release|Any CPU.Build.0 = Release|Any CPU
		{642FD898-50B0-45EF-A251-340C7613BAD0}.Debug|Any CPU.ActiveCfg = Debug|Any CPU
		{642FD898-50B0-45EF-A251-340C7613BAD0}.Debug|Any CPU.Build.0 = Debug|Any CPU
		{642FD898-50B0-45EF-A251-340C7613BAD0}.Release|Any CPU.ActiveCfg = Release|Any CPU
		{642FD898-50B0-45EF-A251-340C7613BAD0}.Release|Any CPU.Build.0 = Release|Any CPU
	EndGlobalSection
	GlobalSection(SolutionProperties) = preSolution
		HideSolutionNode = FALSE
	EndGlobalSection
	GlobalSection(NestedProjects) = preSolution
		{9E7C2461-1707-4230-9F3A-8E654868B72C} = {3C5DE1C9-2542-49D4-9BF4-60173D3220B8}
		{809A9FAB-B7E3-4E8A-90A5-4E54FD5530B1} = {3C5DE1C9-2542-49D4-9BF4-60173D3220B8}
		{F39DC121-CCDB-46C9-8940-C0FFF4CB8D2D} = {F6B7612F-CE7E-4270-8CD3-213B174E20DB}
		{CC01C509-584C-4ED1-A9E3-61321C443C43} = {F6B7612F-CE7E-4270-8CD3-213B174E20DB}
		{F428A892-544D-43AA-B371-8510A096AE39} = {3C5DE1C9-2542-49D4-9BF4-60173D3220B8}
	EndGlobalSection
	GlobalSection(ExtensibilityGlobals) = postSolution
		SolutionGuid = {30D672E2-9D09-4FAB-B35D-E3B579BCA232}
	EndGlobalSection
EndGlobal
